{
    "_meta": {
        "hash": {
            "sha256": "89ab2886466dba10a5f8979531383823e7570cc16211021c1b4ed9b7d908c931"
        },
        "pipfile-spec": 6,
        "requires": {
            "python_version": "3.11"
        },
        "sources": [
            {
                "name": "pypi",
                "url": "https://pypi.org/simple",
                "verify_ssl": true
            }
        ]
    },
    "default": {
        "functionfs": {
            "hashes": [
                "sha256:c949ce3151c897c92d1a09d8d93fd6b9dd21b9d9002eefcb23d16230bfb3c762"
            ],
            "index": "pypi",
            "version": "==0.9.2"
        },
        "ioctl-opt": {
            "hashes": [
                "sha256:5ed4f9a80d2e02e152a43d3648d7ed8821a0aac5ea88ecc5fcc14460ff7cf2f9"
            ],
            "version": "==1.3"
        },
        "libaio": {
            "hashes": [
                "sha256:46a4d748df8483e8728a189a0ed790022192eba74195e77d5b16542d35ba146f"
            ],
            "version": "==0.9.2"
        },
        "pycryptodomex": {
            "hashes": [
                "sha256:0daad007b685db36d977f9de73f61f8da2a7104e20aca3effd30752fd56f73e1",
                "sha256:108e5f1c1cd70ffce0b68739c75734437c919d2eaec8e85bffc2c8b4d2794305",
                "sha256:19764605feea0df966445d46533729b645033f134baeb3ea26ad518c9fdf212c",
                "sha256:1be97461c439a6af4fe1cf8bf6ca5936d3db252737d2f379cc6b2e394e12a458",
                "sha256:25cd61e846aaab76d5791d006497134602a9e451e954833018161befc3b5b9ed",
                "sha256:2a47bcc478741b71273b917232f521fd5704ab4b25d301669879e7273d3586cc",
                "sha256:59af01efb011b0e8b686ba7758d59cf4a8263f9ad35911bfe3f416cee4f5c08c",
                "sha256:5dcac11031a71348faaed1f403a0debd56bf5404232284cf8c761ff918886ebc",
                "sha256:62a5ec91388984909bb5398ea49ee61b68ecb579123694bffa172c3b0a107079",
                "sha256:645bd4ca6f543685d643dadf6a856cc382b654cc923460e3a10a49c1b3832aeb",
                "sha256:653b29b0819605fe0898829c8ad6400a6ccde096146730c2da54eede9b7b8baa",
                "sha256:69138068268127cd605e03438312d8f271135a33140e2742b417d027a0539427",
                "sha256:6e186342cfcc3aafaad565cbd496060e5a614b441cacc3995ef0091115c1f6c5",
                "sha256:76bd15bb65c14900d98835fcd10f59e5e0435077431d3a394b60b15864fddd64",
                "sha256:7805830e0c56d88f4d491fa5ac640dfc894c5ec570d1ece6ed1546e9df2e98d6",
                "sha256:7a710b79baddd65b806402e14766c721aee8fb83381769c27920f26476276c1e",
                "sha256:7a7a8f33a1f1fb762ede6cc9cbab8f2a9ba13b196bfaf7bc6f0b39d2ba315a43",
                "sha256:82ee7696ed8eb9a82c7037f32ba9b7c59e51dda6f105b39f043b6ef293989cb3",
                "sha256:88afd7a3af7ddddd42c2deda43d53d3dfc016c11327d0915f90ca34ebda91499",
                "sha256:8af1a451ff9e123d0d8bd5d5e60f8e3315c3a64f3cdd6bc853e26090e195cdc8",
                "sha256:8ee606964553c1a0bc74057dd8782a37d1c2bc0f01b83193b6f8bb14523b877b",
                "sha256:91852d4480a4537d169c29a9d104dda44094c78f1f5b67bca76c29a91042b623",
                "sha256:9c682436c359b5ada67e882fec34689726a09c461efd75b6ea77b2403d5665b7",
                "sha256:bc3ee1b4d97081260d92ae813a83de4d2653206967c4a0a017580f8b9548ddbc",
                "sha256:bca649483d5ed251d06daf25957f802e44e6bb6df2e8f218ae71968ff8f8edc4",
                "sha256:c39778fd0548d78917b61f03c1fa8bfda6cfcf98c767decf360945fe6f97461e",
                "sha256:cbe71b6712429650e3883dc81286edb94c328ffcd24849accac0a4dbcc76958a",
                "sha256:d00fe8596e1cc46b44bf3907354e9377aa030ec4cd04afbbf6e899fc1e2a7781",
                "sha256:d3584623e68a5064a04748fb6d76117a21a7cb5eaba20608a41c7d0c61721794",
                "sha256:e48217c7901edd95f9f097feaa0388da215ed14ce2ece803d3f300b4e694abea",
                "sha256:f2e497413560e03421484189a6b65e33fe800d3bd75590e6d78d4dfdb7accf3b",
                "sha256:ff5c9a67f8a4fba4aed887216e32cbc48f2a6fb2673bb10a99e43be463e15913"
            ],
            "index": "pypi",
            "markers": "python_version >= '2.7' and python_version not in '3.0, 3.1, 3.2, 3.3, 3.4'",
            "version": "==3.20.0"
        },
        "sty": {
            "hashes": [
                "sha256:2b1eba187b3961644f797f97177f939c109c916d3d3a2cb6784454d1f1ce4983",
                "sha256:d43ecb71b7bad0b56d622cb219d0be303c16fcb4143b84d1465ded22e29baa00"
            ],
            "index": "pypi",
            "markers": "python_version >= '3.7' and python_version < '4.0'",
            "version": "==1.0.6"
        },
        "yappi": {
            "hashes": [
                "sha256:084688828c0a8c181ebe59bbf15dcd5a5db2f689eada59d5c277b997c4dccf43",
                "sha256:1ba7d12c18bc0d092463ad126a95a1b2b8c261c47b0e3bd4cb2fd7479469141c",
                "sha256:1cd7453e99ebf56491254b0f4c28ae95c5e0ce55043eb17d1ab02c974cbd7416",
                "sha256:1fd7d2da3e32f3d029220356e9b5b24754a7cd708d6e3830405e3dc04ec74153",
                "sha256:237b1ac310ef364db6d2a1817de93a346d1ed98abfa3053810dbbdcab9ca9300",
                "sha256:23c668e9ce87d70b126f73970cff997a2ab1964b947859ee50580af23964a096",
                "sha256:2c7c2c9048b2f9fbd5da9cc65bdad73571023a30b5c34f62d97d9a7d47cbe9f5",
                "sha256:30d294a88baffc3cb13a66fe408ecf8973c927fb3498f327df5af7cc657cdc80",
                "sha256:31050972159a026876a06b5eec97f2dbaaaa291ebf3cf07a0d5506cce37ef339",
                "sha256:36278de1ecf3a781322fb5f9511abc0b66bff327ca87a9e868dc2e376ad1b11a",
                "sha256:474e9f3ba9394c19dd2f7dc257123e3918c178638597d507ee2094f19d938a39",
                "sha256:4ae77cfe71682beec6f15ddd6dfb5912436c489b38eb2c3355f4481c07b9c4bf",
                "sha256:638bd2458a6dfaa278e8977a8fdf44c8626003c12d8c94d82338ef8aa6ac245f",
                "sha256:6678f046e6bffc68ef2d7781f9fc90b932ca6e90ea966371318ed904c4c38b8d",
                "sha256:677d992c41b239441eee399ac39ea7601010ddb5acb92bf997de7589f9ee2cc1",
                "sha256:69a4aced8c86bcc91fbecc3924ca9bd0a91ed715531c8a039199ef325ebb7046",
                "sha256:6a16dd3fb61cfa7ffeb287312ddfe2a5c61a53693b009d3a7a3f1b8affb9568a",
                "sha256:72aff63e74b87ffbf121211246922df9ac5dffc8deabdc6964f5b7f399799d0a",
                "sha256:819c43539f55a9f40118ab8b3ce7cb743d66f3af63c7ce984c114533f750b263",
                "sha256:830ffb677b7a9f9886bc7789e9cb75d5b3ad9af5f43d56d48e56431f92f04bcc",
                "sha256:88dee431bba79866692f444110695133181efb2a6969ab63752f4424787f79c8",
                "sha256:8a3c970f43f6d9bbc7159b535fbef492cb21576c094e77a673362ad827d9e00a",
                "sha256:8ddbe1475964f145b028f8bf120a58903d8f6c7bdd1be0a16c1471ba2d8646ca",
                "sha256:93352217bf560bea09b1cb43a17361bd2d41864698fa7ae46ce1066266c1af76",
                "sha256:a1cb70d46827a137350fb84b8fddecd7acec0a11834c763209875788b738f873",
                "sha256:a2cefe387bc747afcf0b26c9548e242113e17fac3de2674d900e97eb58a328f6",
                "sha256:a6797f189b7b89154d6c7c53ac769a22f0adb7bd88ea5b8f6c65106a286afad6",
                "sha256:a69ce9d7acc71419092f158ab4851d982e90ecbffbe6abf7d95516f3f741b57f",
                "sha256:a9aaf72009d8c03067294151ee0470ac7a6dfa7b33baab40b198d6c1ef00430a",
                "sha256:a9ea8dada24af41c11059f70741d8fce707aaf6862a9306f2ab63bde35f0ce9e",
                "sha256:acfbf4c80b6ee0513ad35a6e4a1f633aa2f93357517f9701aed6ad8cd56544d4",
                "sha256:b2f8f0877e3b85b6d2074d2fb541085cd519481f3df9c7e7011fc3867c364c7e",
                "sha256:b42f7934fe96fd330488f9def51dd8e2fecc5cc9a71dceab8a27a41406b31332",
                "sha256:c12da5f310d81779056566259fef644a9c14ac1ec9a2b1b8a3fc62beb4ca6980",
                "sha256:c7c22bb39d3f2f294766f4940848d11b8ad1c43f9cf0a594ed695b07016007fc",
                "sha256:cdaa263ba667aac9bf7bdc0d96fd10e2761a287f01fe87dc136f064ab7696af3",
                "sha256:d1a8be1f55875e2120d7cddcb7e98c77a79ed87715d6292874c782fcd7da2c50",
                "sha256:d49f972a8901972b104a2b65953ae8cbe005d5c09e0974422195bb780b2c5001",
                "sha256:d4c7c5de3ae439c53c6c6c98d30d4b063c6fc353428ba3d81b57d91f1c41f654",
                "sha256:d58e60aac43041d109f0931917204ef02ac01004b9579fe173f2847fbc69655b",
                "sha256:d9f6ac7cd8797850bb6fb4cef8364ed34051be6f47d7da74be3a9261eef4bbfb",
                "sha256:e33c097402e101a51f9963654108e7625853ddc979b562e8381f761cce99ae13",
                "sha256:e37817722a052632de21674ec8acf59645c08df786920362879a76493037c99e",
                "sha256:e40a872d146ddddae337181f8808aa6c3b37ffa66bd38a18f009b9e2f2c08b99",
                "sha256:e4959c1dcfb6da8441d05915bfbb9c697e9f11655568f65b87c341e543bd65d5",
                "sha256:e6ec9eabc974f9df868faa67461a9d167e9612083f59338f755f4aa61a2552b7",
                "sha256:e9bc33b8ec9bce8b2575a4c3878b3cd223d08eb728669924699e5ac937e7b515",
                "sha256:ef61f5fed7c19dddad5b7565df5b7bdfa861d51c15b01a90d283c4d3c97c42e2",
                "sha256:f0f82e4895d04d6fd7bed2bea0abcc84271bdd990371cb053132753b6f5afb73",
                "sha256:fb5bbb4c6b996736554cb8f41e7fb6d5ee6096b7c4f54112cce8cf953a92c0a4"
            ],
            "index": "pypi",
            "markers": "python_version >= '3.6'",
            "version": "==1.6.0"
        }
    },
    "develop": {
        "altgraph": {
            "hashes": [
                "sha256:1b5afbb98f6c4dcadb2e2ae6ab9fa994bbb8c1d75f4fa96d340f9437ae454406",
                "sha256:642743b4750de17e655e6711601b077bc6598dbfa3ba5fa2b2a35ce12b508dff"
            ],
            "version": "==0.17.4"
        },
        "astroid": {
            "hashes": [
                "sha256:951798f922990137ac090c53af473db7ab4e70c770e6d7fae0cec59f74411819",
                "sha256:ac248253bfa4bd924a0de213707e7ebeeb3138abeb48d798784ead1e56d419d4"
            ],
            "markers": "python_full_version >= '3.8.0'",
            "version": "==3.1.0"
        },
        "dill": {
            "hashes": [
                "sha256:3ebe3c479ad625c4553aca177444d89b486b1d84982eeacded644afc0cf797ca",
                "sha256:c36ca9ffb54365bdd2f8eb3eff7d2a21237f8452b57ace88b1ac615b7e815bd7"
            ],
            "markers": "python_version >= '3.11'",
            "version": "==0.3.8"
        },
        "isort": {
            "hashes": [
                "sha256:48fdfcb9face5d58a4f6dde2e72a1fb8dcaf8ab26f95ab49fab84c2ddefb0109",
                "sha256:8ca5e72a8d85860d5a3fa69b8745237f2939afe12dbf656afbcb47fe72d947a6"
            ],
            "markers": "python_full_version >= '3.8.0'",
            "version": "==5.13.2"
        },
        "mccabe": {
            "hashes": [
                "sha256:348e0240c33b60bbdf4e523192ef919f28cb2c3d7d5c7794f74009290f236325",
                "sha256:6c2d30ab6be0e4a46919781807b4f0d834ebdd6c6e3dca0bda5a15f863427b6e"
            ],
            "markers": "python_version >= '3.6'",
            "version": "==0.7.0"
        },
        "mypy": {
            "hashes": [
                "sha256:12cce78e329838d70a204293e7b29af9faa3ab14899aec397798a4b41be7f340",
                "sha256:1484b8fa2c10adf4474f016e09d7a159602f3239075c7bf9f1627f5acf40ad49",
                "sha256:204e0d6de5fd2317394a4eff62065614c4892d5a4d1a7ee55b765d7a3d9e3f82",
                "sha256:2643d145af5292ee956aa0a83c2ce1038a3bdb26e033dadeb2f7066fb0c9abce",
                "sha256:2c6e4464ed5f01dc44dc9821caf67b60a4e5c3b04278286a85c067010653a0eb",
                "sha256:2f7f6985d05a4e3ce8255396df363046c28bea790e40617654e91ed580ca7c51",
                "sha256:31902408f4bf54108bbfb2e35369877c01c95adc6192958684473658c322c8a5",
                "sha256:40716d1f821b89838589e5b3106ebbc23636ffdef5abc31f7cd0266db936067e",
                "sha256:4b901927f16224d0d143b925ce9a4e6b3a758010673eeded9b748f250cf4e8f7",
                "sha256:4fc3d14ee80cd22367caaaf6e014494415bf440980a3045bf5045b525680ac33",
                "sha256:5cf3f0c5ac72139797953bd50bc6c95ac13075e62dbfcc923571180bebb662e9",
                "sha256:6dbdec441c60699288adf051f51a5d512b0d818526d1dcfff5a41f8cd8b4aaf1",
                "sha256:72cf32ce7dd3562373f78bd751f73c96cfb441de147cc2448a92c1a308bd0ca6",
                "sha256:75aa828610b67462ffe3057d4d8a4112105ed211596b750b53cbfe182f44777a",
                "sha256:75c4d2a6effd015786c87774e04331b6da863fc3fc4e8adfc3b40aa55ab516fe",
                "sha256:78e25b2fd6cbb55ddfb8058417df193f0129cad5f4ee75d1502248e588d9e0d7",
                "sha256:84860e06ba363d9c0eeabd45ac0fde4b903ad7aa4f93cd8b648385a888e23200",
                "sha256:8c5091ebd294f7628eb25ea554852a52058ac81472c921150e3a61cdd68f75a7",
                "sha256:944bdc21ebd620eafefc090cdf83158393ec2b1391578359776c00de00e8907a",
                "sha256:9c7ac372232c928fff0645d85f273a726970c014749b924ce5710d7d89763a28",
                "sha256:d9b338c19fa2412f76e17525c1b4f2c687a55b156320acb588df79f2e6fa9fea",
                "sha256:ee5d62d28b854eb61889cde4e1dbc10fbaa5560cb39780c3995f6737f7e82120",
                "sha256:f2c2521a8e4d6d769e3234350ba7b65ff5d527137cdcde13ff4d99114b0c8e7d",
                "sha256:f6efc9bd72258f89a3816e3a98c09d36f079c223aa345c659622f056b760ab42",
                "sha256:f7c5d642db47376a0cc130f0de6d055056e010debdaf0707cd2b0fc7e7ef30ea",
                "sha256:fcb6d9afb1b6208b4c712af0dafdc650f518836065df0d4fb1d800f5d6773db2",
                "sha256:fcd2572dd4519e8a6642b733cd3a8cfc1ef94bafd0c1ceed9c94fe736cb65b6a"
            ],
            "index": "pypi",
            "markers": "python_version >= '3.8'",
            "version": "==1.7.1"
        },
        "mypy-extensions": {
            "hashes": [
                "sha256:4392f6c0eb8a5668a69e23d168ffa70f0be9ccfd32b5cc2d26a34ae5b844552d",
                "sha256:75dbf8955dc00442a438fc4d0666508a9a97b6bd41aa2f0ffe9d2f2725af0782"
            ],
            "markers": "python_version >= '3.5'",
            "version": "==1.0.0"
        },
        "packaging": {
            "hashes": [
                "sha256:048fb0e9405036518eaaf48a55953c750c11e1a1b68e0dd1a9d62ed0c092cfc5",
                "sha256:8c491190033a9af7e1d931d0b5dacc2ef47509b34dd0de67ed209b5203fc88c7"
            ],
            "markers": "python_version >= '3.7'",
            "version": "==23.2"
        },
        "platformdirs": {
            "hashes": [
                "sha256:0614df2a2f37e1a662acbd8e2b25b92ccf8632929bc6d43467e17fe89c75e068",
                "sha256:ef0cc731df711022c174543cb70a9b5bd22e5a9337c8624ef2c2ceb8ddad8768"
            ],
            "markers": "python_version >= '3.8'",
            "version": "==4.2.0"
        },
        "pyinstaller": {
            "hashes": [
                "sha256:11e6da6a6e441379352ee460a8880f2633dac91dac0f5a9eeff5d449d459b046",
                "sha256:1bf608ed947b58614711275a7ff169289b32560dc97ec748ebd5fa8bdec80649",
                "sha256:28b98fa3c74602bdc4c5a7698e907f31e714cc40a13f6358082bcbc74ddab35c",
                "sha256:3127724d1841f785a9916d7b4cfd9595f359925e9ce7d137a16db8c29ca8453b",
                "sha256:3ae62cf8858ec4dc54df6fa03d29bc78297e3c87caf532887eae8c3893be0789",
                "sha256:78fb66ca753ef8becdf059eaa1e764d384cacb8c2ec76800126f8c9ef6d19a50",
                "sha256:a2e63fa71784f290bbf79b31b60a27c45b17a18b8c7f910757f9474e0c12c95d",
                "sha256:a37f83850cb150ad1e00fe92acecc4d39b8e10162a1850a5836a05fcb2daa870",
                "sha256:c7bc0fbea8a9010484cfa7d3856416003af73271f03ca3da4bc0eaf14680ad17",
                "sha256:e07cff584600647af7dc279dd04c60cd1b4b1b41947b0753f8fcf1969300a583",
                "sha256:e3e1e6922a4260dcacf6f5655b0ca857451e05ac502d01642935d0f2873ad3c7",
                "sha256:ec8a08c983e3febb0247893cd9bd59f55b6767a1f649cb41a0a129b8f04ff2cb"
            ],
            "index": "pypi",
            "markers": "python_version < '3.13' and python_version >= '3.8'",
            "version": "==6.4.0"
        },
        "pyinstaller-hooks-contrib": {
            "hashes": [
                "sha256:131494f9cfce190aaa66ed82e82c78b2723d1720ce64d012fbaf938f4ab01d35",
                "sha256:51a51ea9e1ae6bd5ffa7ec45eba7579624bf4f2472ff56dba0edc186f6ed46a6"
            ],
            "markers": "python_version >= '3.7'",
            "version": "==2024.1"
        },
        "pylint": {
            "hashes": [
                "sha256:507a5b60953874766d8a366e8e8c7af63e058b26345cfcb5f91f89d987fd6b74",
                "sha256:6a69beb4a6f63debebaab0a3477ecd0f559aa726af4954fc948c51f7a2549e23"
            ],
            "index": "pypi",
            "markers": "python_full_version >= '3.8.0'",
            "version": "==3.1.0"
        },
        "pytoolconfig": {
            "extras": [
                "global"
            ],
            "hashes": [
                "sha256:51e6bd1a6f108238ae6aab6a65e5eed5e75d456be1c2bf29b04e5c1e7d7adbae",
                "sha256:5d8cea8ae1996938ec3eaf44567bbc5ef1bc900742190c439a44a704d6e1b62b"
            ],
            "markers": "python_version >= '3.8'",
            "version": "==1.3.1"
        },
        "rope": {
            "hashes": [
                "sha256:01f06624159e6b2ec9b94412d519e8877a19eeabe392f469c36f7236df05d443",
                "sha256:93a1bb991fbf0426e8d415102d1c092ccc42e826ce9a42c4d61ce53d7786d9d9"
            ],
            "index": "pypi",
            "markers": "python_version >= '3.8'",
            "version": "==1.12.0"
        },
        "setuptools": {
            "hashes": [
                "sha256:02fa291a0471b3a18b2b2481ed902af520c69e8ae0919c13da936542754b4c56",
                "sha256:5c0806c7d9af348e6dd3777b4f4dbb42c7ad85b190104837488eab9a7c945cf8"
            ],
            "markers": "python_version >= '3.8'",
            "version": "==69.1.1"
        },
        "snakeviz": {
            "hashes": [
                "sha256:569e2d71c47f80a886aa6e70d6405cb6d30aa3520969ad956b06f824c5f02b8e",
                "sha256:7bfd00be7ae147eb4a170a471578e1cd3f41f803238958b6b8efcf2c698a6aa9"
            ],
            "index": "pypi",
            "markers": "python_version >= '3.7'",
            "version": "==2.2.0"
        },
        "tomlkit": {
            "hashes": [
                "sha256:5cd82d48a3dd89dee1f9d64420aa20ae65cfbd00668d6f094d7578a78efbb77b",
                "sha256:7ca1cfc12232806517a8515047ba66a19369e71edf2439d0f5824f91032b6cc3"
            ],
            "markers": "python_version >= '3.7'",
            "version": "==0.12.4"
        },
        "tornado": {
            "hashes": [
                "sha256:1bd19ca6c16882e4d37368e0152f99c099bad93e0950ce55e71daed74045908f",
                "sha256:22d3c2fa10b5793da13c807e6fc38ff49a4f6e1e3868b0a6f4164768bb8e20f5",
                "sha256:502fba735c84450974fec147340016ad928d29f1e91f49be168c0a4c18181e1d",
                "sha256:65ceca9500383fbdf33a98c0087cb975b2ef3bfb874cb35b8de8740cf7f41bd3",
                "sha256:71a8db65160a3c55d61839b7302a9a400074c9c753040455494e2af74e2501f2",
                "sha256:7ac51f42808cca9b3613f51ffe2a965c8525cb1b00b7b2d56828b8045354f76a",
                "sha256:7d01abc57ea0dbb51ddfed477dfe22719d376119844e33c661d873bf9c0e4a16",
                "sha256:805d507b1f588320c26f7f097108eb4023bbaa984d63176d1652e184ba24270a",
                "sha256:9dc4444c0defcd3929d5c1eb5706cbe1b116e762ff3e0deca8b715d14bf6ec17",
                "sha256:ceb917a50cd35882b57600709dd5421a418c29ddc852da8bcdab1f0db33406b0",
                "sha256:e7d8db41c0181c80d76c982aacc442c0783a2c54d6400fe028954201a2e032fe"
            ],
            "markers": "python_version >= '3.8'",
            "version": "==6.3.3"
        },
        "tuna": {
            "hashes": [
                "sha256:ab352a6d836014ace585ecd882148f1f7c68be9ea4bf9e9298b7127594dab2ef",
                "sha256:d47f3e39e80af961c8df016ac97d1643c3c60b5eb451299da0ab5fe411d8866c"
            ],
            "index": "pypi",
            "markers": "python_version >= '3.6'",
            "version": "==0.5.11"
        },
        "typing-extensions": {
            "hashes": [
                "sha256:8f92fc8806f9a6b641eaa5318da32b44d401efaac0f6678c9bc448ba3605faa0",
                "sha256:df8e4339e9cb77357558cbdbceca33c303714cf861d1eef15e1070055ae8b7ef"
            ],
            "markers": "python_version >= '3.8'",
            "version": "==4.8.0"
        }
    }
}
