{
    "_meta": {
        "hash": {
            "sha256": "5e1417ede7d269dd0b4f340d100d32bd9c962621bd86ee39c611b795ddc89980"
        },
        "pipfile-spec": 6,
        "requires": {
            "python_version": "3.9"
        },
        "sources": [
            {
                "name": "pypi",
                "url": "https://pypi.org/simple",
                "verify_ssl": true
            }
        ]
    },
    "default": {
        "functionfs": {
            "hashes": [
                "sha256:173990de4f9cc1ce916c36efb6e8c90022b9a37ac6f68d94229cfe1acbc44830"
            ],
            "index": "pypi",
            "version": "==0.8.0"
        },
        "ioctl-opt": {
            "hashes": [
                "sha256:9628bbd6728f90d019759f54d20b741ddbf9f8db8d41976da4332492f669d643"
            ],
            "version": "==1.2.2"
        },
        "libaio": {
            "hashes": [
                "sha256:9ee293a95ee56568b714922c2308878474b4ea9d05e7f4ba1e5e49873494b95d"
            ],
            "version": "==0.9.1"
        },
        "pycryptodomex": {
            "hashes": [
                "sha256:08c809e9f4be8d4f9948cf4d5ebc7431bbd9e1c0cd5ff478d0d5229f1bc4ad50",
                "sha256:097095a7c24b9e7eec865417f620f78adf218162c03b68e4fde194bf87801a67",
                "sha256:0981e8071d2ee457d842821438f833e362eed9a25a445d54ad7610b24293118f",
                "sha256:1bd9d158afa33dca04748b23e7b9d4055f8c8015ace2e972a866519af02d5eed",
                "sha256:1f6c370abf11546b1c9b70062918d601ac8fb7ff113554601b43175eed7480ef",
                "sha256:2595b7be43b8b2da953ea3506a8d71c07fc9b479d5c118b0c44a5eca2a1664f6",
                "sha256:2d173a5db4e306cd32558b1a3ceb45bd2ebeb6596525fd5945963798b3851e3d",
                "sha256:33c06d6819a0204fac675d100f92aa472c704cd774a47171a5949c75c1040ed6",
                "sha256:3559da56e1045ad567e69fcc74245073fe1943b07b137bfd1073c7a540a89df7",
                "sha256:3bfa2936f8391bfaa17ed6a5c726e33acad56d7b47b8bf824b1908b16b140025",
                "sha256:4361881388817f89aa819a553e987200a6eb664df995632b063997dd373a7cee",
                "sha256:43af464dcac1ae53e6e14a0ae6f08373b538f3c49fb9e426423618571edfecff",
                "sha256:44097663c62b3aa03b5b403b816dedafa592984e8c6857a061ade41f32a2666e",
                "sha256:4cbaea8ab8bfa283e6219af39624d921f72f8174765a35416aab4d4b4dec370e",
                "sha256:5b0fd9fc81d43cd54dc8e4b2df8730ffd1e34f1f0679920deae16f6487aa1414",
                "sha256:676d9f4286f490612fa35ca8fe4b1fced8ff18e653abc1dda34fbf166129d6c2",
                "sha256:79ad48096ceb5c714fbc4dc82e3e6b37f095f627b1fef90d94d85e19a19d6611",
                "sha256:83379f1fd7b99c4993f5e905f2a6ddb9003996655151ea3c2ee77332ad009d08",
                "sha256:88dc997e3e9199a0d67b547fba36c6d1c54fca7d83c4bfe0d3f34f55a4717a2c",
                "sha256:8c5b97953130ff76500c6e8e159f2b881c737ebf00034006517b57f382d5317c",
                "sha256:922e9dac0166e4617e5c7980d2cff6912a6eb5cb5c13e7ece222438650bd7f66",
                "sha256:9c037aaf6affc8f7c4f6f9f6279aa57dd526734246fb5221a0fff3124f57e0b1",
                "sha256:a896b41c518269c1cceb582e298a868e6c74bb3cbfd362865ea686c78aebe91d",
                "sha256:b1a6f17c4ad896ed628663b021cd797b098c7e9537fd259958f6ffb3b8921081",
                "sha256:b5ddaee74e1f06af9c0765a147904dddacf4ca9707f8f079e14e2b14b4f5a544",
                "sha256:d55374ebc36de7a3217f2e2318886f0801dd5e486e21aba1fc4ca08e3b6637d7",
                "sha256:ddac6a092b97aa11d2a21aec33e941b4453ef774da3d98f2b7c1e01da05e6d5e",
                "sha256:de9832ac3c51484fe1757ca4303695423b16cfa54874dae9239bf41f50a2affa",
                "sha256:e42a82c63952ed70be3c13782c6984a519b514e6b10108a9647c7576b6c86650",
                "sha256:ea8e83bf4731a2369350d7771a1f2ef8d72ad3da70a37d86b1374be8c675abd0"
            ],
            "index": "pypi",
            "version": "==3.12.0"
        },
        "sty": {
            "hashes": [
                "sha256:d811703ff450170b08fe4410caf052d6139df8d9e1d8f35694c212e14ffe5851"
            ],
            "index": "pypi",
            "version": "==1.0.0rc2"
        },
        "yappi": {
            "hashes": [
                "sha256:a51d3e6e5563cc74b5bb82ed6e7bd44a9c1a7eae3d97e4d52e9465edb3a8da8d"
            ],
            "index": "pypi",
            "version": "==1.3.2"
        }
    },
    "develop": {
        "altgraph": {
            "hashes": [
                "sha256:743628f2ac6a7c26f5d9223c91ed8ecbba535f506f4b6f558885a8a56a105857",
                "sha256:ebf2269361b47d97b3b88e696439f6e4cbc607c17c51feb1754f90fb79839158"
            ],
            "version": "==0.17.2"
        },
        "astroid": {
            "hashes": [
                "sha256:3975a0bd5373bdce166e60c851cfcbaf21ee96de80ec518c1f4cb3e94c3fb334",
                "sha256:ab7f36e8a78b8e54a62028ba6beef7561db4cdb6f2a5009ecc44a6f42b5697ef"
            ],
            "markers": "python_version ~= '3.6'",
            "version": "==2.6.6"
        },
        "isort": {
            "hashes": [
                "sha256:6f62d78e2f89b4500b080fe3a81690850cd254227f27f75c3a0c491a1f351ba7",
                "sha256:e8443a5e7a020e9d7f97f1d7d9cd17c88bcb3bc7e218bf9cf5095fe550be2951"
            ],
            "markers": "python_version < '4.0' and python_full_version >= '3.6.1'",
            "version": "==5.10.1"
        },
        "lazy-object-proxy": {
            "hashes": [
                "sha256:043651b6cb706eee4f91854da4a089816a6606c1428fd391573ef8cb642ae4f7",
                "sha256:07fa44286cda977bd4803b656ffc1c9b7e3bc7dff7d34263446aec8f8c96f88a",
                "sha256:12f3bb77efe1367b2515f8cb4790a11cffae889148ad33adad07b9b55e0ab22c",
                "sha256:2052837718516a94940867e16b1bb10edb069ab475c3ad84fd1e1a6dd2c0fcfc",
                "sha256:2130db8ed69a48a3440103d4a520b89d8a9405f1b06e2cc81640509e8bf6548f",
                "sha256:39b0e26725c5023757fc1ab2a89ef9d7ab23b84f9251e28f9cc114d5b59c1b09",
                "sha256:46ff647e76f106bb444b4533bb4153c7370cdf52efc62ccfc1a28bdb3cc95442",
                "sha256:4dca6244e4121c74cc20542c2ca39e5c4a5027c81d112bfb893cf0790f96f57e",
                "sha256:553b0f0d8dbf21890dd66edd771f9b1b5f51bd912fa5f26de4449bfc5af5e029",
                "sha256:677ea950bef409b47e51e733283544ac3d660b709cfce7b187f5ace137960d61",
                "sha256:6a24357267aa976abab660b1d47a34aaf07259a0c3859a34e536f1ee6e76b5bb",
                "sha256:6a6e94c7b02641d1311228a102607ecd576f70734dc3d5e22610111aeacba8a0",
                "sha256:6aff3fe5de0831867092e017cf67e2750c6a1c7d88d84d2481bd84a2e019ec35",
                "sha256:6ecbb350991d6434e1388bee761ece3260e5228952b1f0c46ffc800eb313ff42",
                "sha256:7096a5e0c1115ec82641afbdd70451a144558ea5cf564a896294e346eb611be1",
                "sha256:70ed0c2b380eb6248abdef3cd425fc52f0abd92d2b07ce26359fcbc399f636ad",
                "sha256:8561da8b3dd22d696244d6d0d5330618c993a215070f473b699e00cf1f3f6443",
                "sha256:85b232e791f2229a4f55840ed54706110c80c0a210d076eee093f2b2e33e1bfd",
                "sha256:898322f8d078f2654d275124a8dd19b079080ae977033b713f677afcfc88e2b9",
                "sha256:8f3953eb575b45480db6568306893f0bd9d8dfeeebd46812aa09ca9579595148",
                "sha256:91ba172fc5b03978764d1df5144b4ba4ab13290d7bab7a50f12d8117f8630c38",
                "sha256:9d166602b525bf54ac994cf833c385bfcc341b364e3ee71e3bf5a1336e677b55",
                "sha256:a57d51ed2997e97f3b8e3500c984db50a554bb5db56c50b5dab1b41339b37e36",
                "sha256:b9e89b87c707dd769c4ea91f7a31538888aad05c116a59820f28d59b3ebfe25a",
                "sha256:bb8c5fd1684d60a9902c60ebe276da1f2281a318ca16c1d0a96db28f62e9166b",
                "sha256:c19814163728941bb871240d45c4c30d33b8a2e85972c44d4e63dd7107faba44",
                "sha256:c4ce15276a1a14549d7e81c243b887293904ad2d94ad767f42df91e75fd7b5b6",
                "sha256:c7a683c37a8a24f6428c28c561c80d5f4fd316ddcf0c7cab999b15ab3f5c5c69",
                "sha256:d609c75b986def706743cdebe5e47553f4a5a1da9c5ff66d76013ef396b5a8a4",
                "sha256:d66906d5785da8e0be7360912e99c9188b70f52c422f9fc18223347235691a84",
                "sha256:dd7ed7429dbb6c494aa9bc4e09d94b778a3579be699f9d67da7e6804c422d3de",
                "sha256:df2631f9d67259dc9620d831384ed7732a198eb434eadf69aea95ad18c587a28",
                "sha256:e368b7f7eac182a59ff1f81d5f3802161932a41dc1b1cc45c1f757dc876b5d2c",
                "sha256:e40f2013d96d30217a51eeb1db28c9ac41e9d0ee915ef9d00da639c5b63f01a1",
                "sha256:f769457a639403073968d118bc70110e7dce294688009f5c24ab78800ae56dc8",
                "sha256:fccdf7c2c5821a8cbd0a9440a456f5050492f2270bd54e94360cac663398739b",
                "sha256:fd45683c3caddf83abbb1249b653a266e7069a09f486daa8863fb0e7496a9fdb"
            ],
            "markers": "python_version >= '3.6'",
            "version": "==1.7.1"
        },
        "mccabe": {
            "hashes": [
                "sha256:ab8a6258860da4b6677da4bd2fe5dc2c659cff31b3ee4f7f5d64e79735b80d42",
                "sha256:dd8d182285a0fe56bace7f45b5e7d1a6ebcbf524e8f3bd87eb0f125271b8831f"
            ],
            "version": "==0.6.1"
        },
        "mypy": {
            "hashes": [
                "sha256:0feb82e9fa849affca7edd24713dbe809dce780ced9f3feca5ed3d80e40b777f",
                "sha256:1d2296f35aae9802eeb1327058b550371ee382d71374b3e7d2804035ef0b830b",
                "sha256:1e689e92cdebd87607a041585f1dc7339aa2e8a9f9bad9ba7e6ece619431b20c",
                "sha256:1ea7199780c1d7940b82dbc0a4e37722b4e3851264dbba81e01abecc9052d8a7",
                "sha256:221cc94dc6a801ccc2be7c0c9fd791c5e08d1fa2c5e1c12dec4eab15b2469871",
                "sha256:2e9c5409e9cb81049bb03fa1009b573dea87976713e3898561567a86c4eaee01",
                "sha256:45a4dc21c789cfd09b8ccafe114d6de66f0b341ad761338de717192f19397a8c",
                "sha256:51426262ae4714cc7dd5439814676e0992b55bcc0f6514eccb4cf8e0678962c2",
                "sha256:554873e45c1ca20f31ddf873deb67fa5d2e87b76b97db50669f0468ccded8fae",
                "sha256:5feb56f8bb280468fe5fc8e6f56f48f99aa0df9eed3c507a11505ee4657b5380",
                "sha256:601f46593f627f8a9b944f74fd387c9b5f4266b39abad77471947069c2fc7651",
                "sha256:70b197dd8c78fc5d2daf84bd093e8466a2b2e007eedaa85e792e513a820adbf7",
                "sha256:959319b9a3cafc33a8185f440a433ba520239c72e733bf91f9efd67b0a8e9b30",
                "sha256:a9d8dffefba634b27d650e0de2564379a1a367e2e08d6617d8f89261a3bf63b2",
                "sha256:b419e9721260161e70d054a15abbd50603c16f159860cfd0daeab647d828fc29",
                "sha256:bc1a0607ea03c30225347334af66b0af12eefba018a89a88c209e02b7065ea95",
                "sha256:bf4a44e03040206f7c058d1f5ba02ef2d1820720c88bc4285c7d9a4269f54173",
                "sha256:db3a87376a1380f396d465bed462e76ea89f838f4c5e967d68ff6ee34b785c31",
                "sha256:ed4e0ea066bb12f56b2812a15ff223c57c0a44eca817ceb96b214bb055c7051f",
                "sha256:f9f665d69034b1fcfdbcd4197480d26298bbfb5d2dfe206245b6498addb34999"
            ],
            "index": "pypi",
            "version": "==0.930"
        },
        "mypy-extensions": {
            "hashes": [
                "sha256:090fedd75945a69ae91ce1303b5824f428daf5a028d2f6ab8a299250a846f15d",
                "sha256:2d82818f5bb3e369420cb3c4060a7970edba416647068eb4c5343488a6c604a8"
            ],
            "version": "==0.4.3"
        },
        "pyinstaller": {
            "hashes": [
                "sha256:03636feec822de1d23d9753054f0b1229fb23d58723ae796f41b1127fc54f572",
                "sha256:0f488407108dd4e0531576552514889b2d5620367c81a177dfbe1eb628ad7a8c",
                "sha256:2c7f4810dc5272ec1b388a7f1ff6b56d38653c1b0c9ac2d9dd54fa06b590e372",
                "sha256:5a130e2cf694975787026db1839b53c833b8d4922d850703c7076a06774cb6af",
                "sha256:7942ac8043e538422fe9c6733fe201e4d765d31ad13ff40bcc7b9bf4c2d0ad64",
                "sha256:ba410e9aadae61aa9172d56180ca381b3ad7abd721a31495db21cc82ede4003b",
                "sha256:c766e1d643f8820fe70d12c3690911bc43556ae97e12885e2925fa43bc1e7649",
                "sha256:c8d3b4e64b0e6c1c837b5215077675796a7d95679245b40843343d647465fb69",
                "sha256:fea70754a8cdca04763d0cdbbb9b8b07854355232c8f512bc7211e2c07361c06"
            ],
            "index": "pypi",
            "version": "==4.7"
        },
        "pyinstaller-hooks-contrib": {
            "hashes": [
                "sha256:60a57e4057fa2183bbaa81f10401a27eb7dd701ef8a11b287bb6345b571f94e7",
                "sha256:775b52200b39e12c95cc24f809eb050a97110fee819d178ebfde214f0f51e5f4"
            ],
            "version": "==2021.4"
        },
        "pylint": {
            "hashes": [
                "sha256:349b149e88e4357ed4f77ac3a4e61c0ab965cda293b6f4e58caf73d4b24ae551",
                "sha256:adc11bec00c2084bf55c81dd69e26f2793fef757547997d44b21aed038f74403"
            ],
            "index": "pypi",
            "version": "==3.0.0a4"
        },
        "rope": {
            "hashes": [
                "sha256:2847220bf72ead09b5abe72b1edc9cacff90ab93663ece06913fc97324167870",
                "sha256:b00fbc064a26fc62d7220578a27fd639b2fad57213663cc396c137e92d73f10f"
            ],
            "index": "pypi",
            "version": "==0.22.0"
        },
        "setuptools": {
            "hashes": [
                "sha256:8244876a37456ccbcbe1247b4cba1b015f4e42dfebfadd6a5488bfc12060f21b",
                "sha256:dae4d7933ca671d51fa44c10b4ef8165319d9be3aa41807dd4c73f1c1ba81dc3"
            ],
            "markers": "python_version >= '3.7'",
            "version": "==60.0.4"
        },
        "snakeviz": {
            "hashes": [
                "sha256:0d96c006304f095cb4b3fb7ed98bb866ca35a7ca4ab9020bbc27d295ee4c94d9",
                "sha256:931142dc927101c9a4b6e89bc0577ff1a3d1886b483a04e6af70c31d2c3dce19"
            ],
            "index": "pypi",
            "version": "==2.1.1"
        },
        "toml": {
            "hashes": [
                "sha256:806143ae5bfb6a3c6e736a764057db0e6a0e05e338b5630894a5f779cabb4f9b",
                "sha256:b3bda1d108d5dd99f4a20d24d9c348e91c4db7ab1b749200bded2f839ccbe68f"
            ],
            "markers": "python_version >= '2.6' and python_version not in '3.0, 3.1, 3.2, 3.3'",
            "version": "==0.10.2"
        },
        "tomli": {
            "hashes": [
                "sha256:b5bde28da1fed24b9bd1d4d2b8cba62300bfb4ec9a6187a957e8ddb9434c5224",
                "sha256:c292c34f58502a1eb2bbb9f5bbc9a5ebc37bee10ffb8c2d6bbdfa8eb13cc14e1"
            ],
            "markers": "python_version >= '3.7'",
            "version": "==2.0.0"
        },
        "tornado": {
            "hashes": [
                "sha256:0a00ff4561e2929a2c37ce706cb8233b7907e0cdc22eab98888aca5dd3775feb",
                "sha256:0d321a39c36e5f2c4ff12b4ed58d41390460f798422c4504e09eb5678e09998c",
                "sha256:1e8225a1070cd8eec59a996c43229fe8f95689cb16e552d130b9793cb570a288",
                "sha256:20241b3cb4f425e971cb0a8e4ffc9b0a861530ae3c52f2b0434e6c1b57e9fd95",
                "sha256:25ad220258349a12ae87ede08a7b04aca51237721f63b1808d39bdb4b2164558",
                "sha256:33892118b165401f291070100d6d09359ca74addda679b60390b09f8ef325ffe",
                "sha256:33c6e81d7bd55b468d2e793517c909b139960b6c790a60b7991b9b6b76fb9791",
                "sha256:3447475585bae2e77ecb832fc0300c3695516a47d46cefa0528181a34c5b9d3d",
                "sha256:34ca2dac9e4d7afb0bed4677512e36a52f09caa6fded70b4e3e1c89dbd92c326",
                "sha256:3e63498f680547ed24d2c71e6497f24bca791aca2fe116dbc2bd0ac7f191691b",
                "sha256:548430be2740e327b3fe0201abe471f314741efcb0067ec4f2d7dcfb4825f3e4",
                "sha256:6196a5c39286cc37c024cd78834fb9345e464525d8991c21e908cc046d1cc02c",
                "sha256:61b32d06ae8a036a6607805e6720ef00a3c98207038444ba7fd3d169cd998910",
                "sha256:6286efab1ed6e74b7028327365cf7346b1d777d63ab30e21a0f4d5b275fc17d5",
                "sha256:65d98939f1a2e74b58839f8c4dab3b6b3c1ce84972ae712be02845e65391ac7c",
                "sha256:66324e4e1beede9ac79e60f88de548da58b1f8ab4b2f1354d8375774f997e6c0",
                "sha256:6c77c9937962577a6a76917845d06af6ab9197702a42e1346d8ae2e76b5e3675",
                "sha256:70dec29e8ac485dbf57481baee40781c63e381bebea080991893cd297742b8fd",
                "sha256:7250a3fa399f08ec9cb3f7b1b987955d17e044f1ade821b32e5f435130250d7f",
                "sha256:748290bf9112b581c525e6e6d3820621ff020ed95af6f17fedef416b27ed564c",
                "sha256:7da13da6f985aab7f6f28debab00c67ff9cbacd588e8477034c0652ac141feea",
                "sha256:8f959b26f2634a091bb42241c3ed8d3cedb506e7c27b8dd5c7b9f745318ddbb6",
                "sha256:9de9e5188a782be6b1ce866e8a51bc76a0fbaa0e16613823fc38e4fc2556ad05",
                "sha256:a48900ecea1cbb71b8c71c620dee15b62f85f7c14189bdeee54966fbd9a0c5bd",
                "sha256:b87936fd2c317b6ee08a5741ea06b9d11a6074ef4cc42e031bc6403f82a32575",
                "sha256:c77da1263aa361938476f04c4b6c8916001b90b2c2fdd92d8d535e1af48fba5a",
                "sha256:cb5ec8eead331e3bb4ce8066cf06d2dfef1bfb1b2a73082dfe8a161301b76e37",
                "sha256:cc0ee35043162abbf717b7df924597ade8e5395e7b66d18270116f8745ceb795",
                "sha256:d14d30e7f46a0476efb0deb5b61343b1526f73ebb5ed84f23dc794bdb88f9d9f",
                "sha256:d371e811d6b156d82aa5f9a4e08b58debf97c302a35714f6f45e35139c332e32",
                "sha256:d3d20ea5782ba63ed13bc2b8c291a053c8d807a8fa927d941bd718468f7b950c",
                "sha256:d3f7594930c423fd9f5d1a76bee85a2c36fd8b4b16921cae7e965f22575e9c01",
                "sha256:dcef026f608f678c118779cd6591c8af6e9b4155c44e0d1bc0c87c036fb8c8c4",
                "sha256:e0791ac58d91ac58f694d8d2957884df8e4e2f6687cdf367ef7eb7497f79eaa2",
                "sha256:e385b637ac3acaae8022e7e47dfa7b83d3620e432e3ecb9a3f7f58f150e50921",
                "sha256:e519d64089b0876c7b467274468709dadf11e41d65f63bba207e04217f47c085",
                "sha256:e7229e60ac41a1202444497ddde70a48d33909e484f96eb0da9baf8dc68541df",
                "sha256:ed3ad863b1b40cd1d4bd21e7498329ccaece75db5a5bf58cd3c9f130843e7102",
                "sha256:f0ba29bafd8e7e22920567ce0d232c26d4d47c8b5cf4ed7b562b5db39fa199c5",
                "sha256:fa2ba70284fa42c2a5ecb35e322e68823288a4251f9ba9cc77be04ae15eada68",
                "sha256:fba85b6cd9c39be262fcd23865652920832b61583de2a2ca907dbd8e8a8c81e5"
            ],
            "markers": "python_version >= '3.5'",
            "version": "==6.1"
        },
        "tuna": {
            "hashes": [
                "sha256:ab352a6d836014ace585ecd882148f1f7c68be9ea4bf9e9298b7127594dab2ef",
                "sha256:d47f3e39e80af961c8df016ac97d1643c3c60b5eb451299da0ab5fe411d8866c"
            ],
            "index": "pypi",
            "version": "==0.5.11"
        },
        "typing-extensions": {
            "hashes": [
                "sha256:4ca091dea149f945ec56afb48dae714f21e8692ef22a395223bcd328961b6a0e",
                "sha256:7f001e5ac290a0c0401508864c7ec868be4e701886d5b573a9528ed3973d9d3b"
            ],
            "markers": "python_version >= '3.6'",
            "version": "==4.0.1"
        },
        "wrapt": {
            "hashes": [
                "sha256:b62ffa81fb85f4332a4f609cab4ac40709470da05643a082ec1eb88e6d9b97d7"
            ],
            "version": "==1.12.1"
        }
    }
}
